// !$*UTF8*$!
{
	archiveVersion = 1;
	classes = {
	};
	objectVersion = 56;
	objects = {

/* Begin PBXBuildFile section */
		44403386293B9839009C1CB3 /* HeroHeaderUIView.swift in Sources */ = {isa = PBXBuildFile; fileRef = 44403385293B9839009C1CB3 /* HeroHeaderUIView.swift */; };
		444E82FC296EFD940093986F /* TitlesCollectionViewCell.swift in Sources */ = {isa = PBXBuildFile; fileRef = 444E82FB296EFD940093986F /* TitlesCollectionViewCell.swift */; };
		444E82FF296EFFC40093986F /* SDWebImage in Frameworks */ = {isa = PBXBuildFile; productRef = 444E82FE296EFFC40093986F /* SDWebImage */; };
		444E8301296EFFC40093986F /* SDWebImageMapKit in Frameworks */ = {isa = PBXBuildFile; productRef = 444E8300296EFFC40093986F /* SDWebImageMapKit */; };
		4462F41D292A832300549791 /* AppDelegate.swift in Sources */ = {isa = PBXBuildFile; fileRef = 4462F41C292A832300549791 /* AppDelegate.swift */; };
		4462F41F292A832300549791 /* SceneDelegate.swift in Sources */ = {isa = PBXBuildFile; fileRef = 4462F41E292A832300549791 /* SceneDelegate.swift */; };
		4462F421292A832300549791 /* MainTabBarVC.swift in Sources */ = {isa = PBXBuildFile; fileRef = 4462F420292A832300549791 /* MainTabBarVC.swift */; };
		4462F426292A832600549791 /* Assets.xcassets in Resources */ = {isa = PBXBuildFile; fileRef = 4462F425292A832600549791 /* Assets.xcassets */; };
		4462F429292A832600549791 /* LaunchScreen.storyboard in Resources */ = {isa = PBXBuildFile; fileRef = 4462F427292A832600549791 /* LaunchScreen.storyboard */; };
		4462F432292A858C00549791 /* HomeVC.swift in Sources */ = {isa = PBXBuildFile; fileRef = 4462F431292A858C00549791 /* HomeVC.swift */; };
		4462F434292A85CC00549791 /* UpcomingVC.swift in Sources */ = {isa = PBXBuildFile; fileRef = 4462F433292A85CC00549791 /* UpcomingVC.swift */; };
		4462F436292A85FD00549791 /* SearchVC.swift in Sources */ = {isa = PBXBuildFile; fileRef = 4462F435292A85FD00549791 /* SearchVC.swift */; };
		4462F438292A861700549791 /* DownloadsVC.swift in Sources */ = {isa = PBXBuildFile; fileRef = 4462F437292A861700549791 /* DownloadsVC.swift */; };
		4462F43F292A913E00549791 /* CollectionViewTVC.swift in Sources */ = {isa = PBXBuildFile; fileRef = 4462F43E292A913E00549791 /* CollectionViewTVC.swift */; };
		447C65B72970A1490095C581 /* TitlesTableViewCell.swift in Sources */ = {isa = PBXBuildFile; fileRef = 447C65B62970A1490095C581 /* TitlesTableViewCell.swift */; };
		447C65B92970A6AF0095C581 /* TitleViewModel.swift in Sources */ = {isa = PBXBuildFile; fileRef = 447C65B82970A6AF0095C581 /* TitleViewModel.swift */; };
		447C65BB2972BC530095C581 /* SearchResultVC.swift in Sources */ = {isa = PBXBuildFile; fileRef = 447C65BA2972BC530095C581 /* SearchResultVC.swift */; };
		447C65BF2972DCBA0095C581 /* YTSeachResponse.swift in Sources */ = {isa = PBXBuildFile; fileRef = 447C65BE2972DCBA0095C581 /* YTSeachResponse.swift */; };
		447C65C12974A3A90095C581 /* TitlePreviewVC.swift in Sources */ = {isa = PBXBuildFile; fileRef = 447C65C02974A3A90095C581 /* TitlePreviewVC.swift */; };
		447C65C32974A9910095C581 /* TitlePreviewViewModel.swift in Sources */ = {isa = PBXBuildFile; fileRef = 447C65C22974A9910095C581 /* TitlePreviewViewModel.swift */; };
		4486DB7D297836A800A42AD1 /* NetflixCloneModel.xcdatamodeld in Sources */ = {isa = PBXBuildFile; fileRef = 4486DB7B297836A800A42AD1 /* NetflixCloneModel.xcdatamodeld */; };
		4486DB7F2979493C00A42AD1 /* DataPersistenceManager.swift in Sources */ = {isa = PBXBuildFile; fileRef = 4486DB7E2979493C00A42AD1 /* DataPersistenceManager.swift */; };
		4486DB81297C073900A42AD1 /* NotificationManager.swift in Sources */ = {isa = PBXBuildFile; fileRef = 4486DB80297C073900A42AD1 /* NotificationManager.swift */; };
		44DD9C332950E1820033D304 /* APICaller.swift in Sources */ = {isa = PBXBuildFile; fileRef = 44DD9C322950E1820033D304 /* APICaller.swift */; };
		44DD9C362950E1F00033D304 /* Constants.swift in Sources */ = {isa = PBXBuildFile; fileRef = 44DD9C352950E1F00033D304 /* Constants.swift */; };
		44DD9C382950E6160033D304 /* Titles.swift in Sources */ = {isa = PBXBuildFile; fileRef = 44DD9C372950E6160033D304 /* Titles.swift */; };
		44DD9C422954D8A50033D304 /* Extensions.swift in Sources */ = {isa = PBXBuildFile; fileRef = 44DD9C412954D8A50033D304 /* Extensions.swift */; };
/* End PBXBuildFile section */

/* Begin PBXFileReference section */
		44403385293B9839009C1CB3 /* HeroHeaderUIView.swift */ = {isa = PBXFileReference; lastKnownFileType = sourcecode.swift; path = HeroHeaderUIView.swift; sourceTree = "<group>"; };
		444E82FB296EFD940093986F /* TitlesCollectionViewCell.swift */ = {isa = PBXFileReference; lastKnownFileType = sourcecode.swift; path = TitlesCollectionViewCell.swift; sourceTree = "<group>"; };
		4462F419292A832300549791 /* Netflix clone.app */ = {isa = PBXFileReference; explicitFileType = wrapper.application; includeInIndex = 0; path = "Netflix clone.app"; sourceTree = BUILT_PRODUCTS_DIR; };
		4462F41C292A832300549791 /* AppDelegate.swift */ = {isa = PBXFileReference; lastKnownFileType = sourcecode.swift; path = AppDelegate.swift; sourceTree = "<group>"; };
		4462F41E292A832300549791 /* SceneDelegate.swift */ = {isa = PBXFileReference; lastKnownFileType = sourcecode.swift; path = SceneDelegate.swift; sourceTree = "<group>"; };
		4462F420292A832300549791 /* MainTabBarVC.swift */ = {isa = PBXFileReference; lastKnownFileType = sourcecode.swift; path = MainTabBarVC.swift; sourceTree = "<group>"; };
		4462F425292A832600549791 /* Assets.xcassets */ = {isa = PBXFileReference; lastKnownFileType = folder.assetcatalog; path = Assets.xcassets; sourceTree = "<group>"; };
		4462F428292A832600549791 /* Base */ = {isa = PBXFileReference; lastKnownFileType = file.storyboard; name = Base; path = Base.lproj/LaunchScreen.storyboard; sourceTree = "<group>"; };
		4462F42A292A832600549791 /* Info.plist */ = {isa = PBXFileReference; lastKnownFileType = text.plist.xml; path = Info.plist; sourceTree = "<group>"; };
		4462F431292A858C00549791 /* HomeVC.swift */ = {isa = PBXFileReference; lastKnownFileType = sourcecode.swift; path = HomeVC.swift; sourceTree = "<group>"; };
		4462F433292A85CC00549791 /* UpcomingVC.swift */ = {isa = PBXFileReference; lastKnownFileType = sourcecode.swift; path = UpcomingVC.swift; sourceTree = "<group>"; };
		4462F435292A85FD00549791 /* SearchVC.swift */ = {isa = PBXFileReference; lastKnownFileType = sourcecode.swift; path = SearchVC.swift; sourceTree = "<group>"; };
		4462F437292A861700549791 /* DownloadsVC.swift */ = {isa = PBXFileReference; lastKnownFileType = sourcecode.swift; path = DownloadsVC.swift; sourceTree = "<group>"; };
		4462F43E292A913E00549791 /* CollectionViewTVC.swift */ = {isa = PBXFileReference; lastKnownFileType = sourcecode.swift; path = CollectionViewTVC.swift; sourceTree = "<group>"; };
		447C65B62970A1490095C581 /* TitlesTableViewCell.swift */ = {isa = PBXFileReference; lastKnownFileType = sourcecode.swift; path = TitlesTableViewCell.swift; sourceTree = "<group>"; };
		447C65B82970A6AF0095C581 /* TitleViewModel.swift */ = {isa = PBXFileReference; lastKnownFileType = sourcecode.swift; path = TitleViewModel.swift; sourceTree = "<group>"; };
		447C65BA2972BC530095C581 /* SearchResultVC.swift */ = {isa = PBXFileReference; lastKnownFileType = sourcecode.swift; path = SearchResultVC.swift; sourceTree = "<group>"; };
		447C65BE2972DCBA0095C581 /* YTSeachResponse.swift */ = {isa = PBXFileReference; lastKnownFileType = sourcecode.swift; path = YTSeachResponse.swift; sourceTree = "<group>"; };
		447C65C02974A3A90095C581 /* TitlePreviewVC.swift */ = {isa = PBXFileReference; lastKnownFileType = sourcecode.swift; path = TitlePreviewVC.swift; sourceTree = "<group>"; };
		447C65C22974A9910095C581 /* TitlePreviewViewModel.swift */ = {isa = PBXFileReference; lastKnownFileType = sourcecode.swift; path = TitlePreviewViewModel.swift; sourceTree = "<group>"; };
		4486DB7C297836A800A42AD1 /* NetflixCloneModel.xcdatamodel */ = {isa = PBXFileReference; lastKnownFileType = wrapper.xcdatamodel; path = NetflixCloneModel.xcdatamodel; sourceTree = "<group>"; };
		4486DB7E2979493C00A42AD1 /* DataPersistenceManager.swift */ = {isa = PBXFileReference; lastKnownFileType = sourcecode.swift; path = DataPersistenceManager.swift; sourceTree = "<group>"; };
		4486DB80297C073900A42AD1 /* NotificationManager.swift */ = {isa = PBXFileReference; lastKnownFileType = sourcecode.swift; path = NotificationManager.swift; sourceTree = "<group>"; };
		44DD9C322950E1820033D304 /* APICaller.swift */ = {isa = PBXFileReference; lastKnownFileType = sourcecode.swift; path = APICaller.swift; sourceTree = "<group>"; };
		44DD9C352950E1F00033D304 /* Constants.swift */ = {isa = PBXFileReference; lastKnownFileType = sourcecode.swift; path = Constants.swift; sourceTree = "<group>"; };
		44DD9C372950E6160033D304 /* Titles.swift */ = {isa = PBXFileReference; lastKnownFileType = sourcecode.swift; path = Titles.swift; sourceTree = "<group>"; };
		44DD9C412954D8A50033D304 /* Extensions.swift */ = {isa = PBXFileReference; lastKnownFileType = sourcecode.swift; path = Extensions.swift; sourceTree = "<group>"; };
/* End PBXFileReference section */

/* Begin PBXFrameworksBuildPhase section */
		4462F416292A832300549791 /* Frameworks */ = {
			isa = PBXFrameworksBuildPhase;
			buildActionMask = 2147483647;
			files = (
				444E8301296EFFC40093986F /* SDWebImageMapKit in Frameworks */,
				444E82FF296EFFC40093986F /* SDWebImage in Frameworks */,
			);
			runOnlyForDeploymentPostprocessing = 0;
		};
/* End PBXFrameworksBuildPhase section */

/* Begin PBXGroup section */
		4462F410292A832300549791 = {
			isa = PBXGroup;
			children = (
				4462F41B292A832300549791 /* Netflix clone */,
				4462F41A292A832300549791 /* Products */,
			);
			sourceTree = "<group>";
		};
		4462F41A292A832300549791 /* Products */ = {
			isa = PBXGroup;
			children = (
				4462F419292A832300549791 /* Netflix clone.app */,
			);
			name = Products;
			sourceTree = "<group>";
		};
		4462F41B292A832300549791 /* Netflix clone */ = {
			isa = PBXGroup;
			children = (
				44DD9C342950E1E20033D304 /* Constants */,
				4462F43D292A8E4D00549791 /* Managers */,
				4462F43C292A8E3C00549791 /* Resources */,
				4462F43B292A8E2600549791 /* Models */,
				4462F43A292A8E1F00549791 /* Views */,
				4462F439292A8E0E00549791 /* ViewModels */,
				4462F430292A857100549791 /* Controllers */,
				4462F41C292A832300549791 /* AppDelegate.swift */,
				4462F41E292A832300549791 /* SceneDelegate.swift */,
				4462F425292A832600549791 /* Assets.xcassets */,
				4462F427292A832600549791 /* LaunchScreen.storyboard */,
				4462F42A292A832600549791 /* Info.plist */,
				4486DB7B297836A800A42AD1 /* NetflixCloneModel.xcdatamodeld */,
			);
			path = "Netflix clone";
			sourceTree = "<group>";
		};
		4462F430292A857100549791 /* Controllers */ = {
			isa = PBXGroup;
			children = (
				447C65BC2972BCC40095C581 /* Core */,
				447C65BD2972BCD40095C581 /* General */,
			);
			path = Controllers;
			sourceTree = "<group>";
		};
		4462F439292A8E0E00549791 /* ViewModels */ = {
			isa = PBXGroup;
			children = (
				447C65B82970A6AF0095C581 /* TitleViewModel.swift */,
				447C65C22974A9910095C581 /* TitlePreviewViewModel.swift */,
			);
			path = ViewModels;
			sourceTree = "<group>";
		};
		4462F43A292A8E1F00549791 /* Views */ = {
			isa = PBXGroup;
			children = (
				4462F43E292A913E00549791 /* CollectionViewTVC.swift */,
				44403385293B9839009C1CB3 /* HeroHeaderUIView.swift */,
				444E82FB296EFD940093986F /* TitlesCollectionViewCell.swift */,
				447C65B62970A1490095C581 /* TitlesTableViewCell.swift */,
			);
			path = Views;
			sourceTree = "<group>";
		};
		4462F43B292A8E2600549791 /* Models */ = {
			isa = PBXGroup;
			children = (
				44DD9C372950E6160033D304 /* Titles.swift */,
				447C65BE2972DCBA0095C581 /* YTSeachResponse.swift */,
			);
			path = Models;
			sourceTree = "<group>";
		};
		4462F43C292A8E3C00549791 /* Resources */ = {
			isa = PBXGroup;
			children = (
				44DD9C412954D8A50033D304 /* Extensions.swift */,
			);
			path = Resources;
			sourceTree = "<group>";
		};
		4462F43D292A8E4D00549791 /* Managers */ = {
			isa = PBXGroup;
			children = (
				44DD9C322950E1820033D304 /* APICaller.swift */,
				4486DB7E2979493C00A42AD1 /* DataPersistenceManager.swift */,
				4486DB80297C073900A42AD1 /* NotificationManager.swift */,
			);
			path = Managers;
			sourceTree = "<group>";
		};
		447C65BC2972BCC40095C581 /* Core */ = {
			isa = PBXGroup;
			children = (
				4462F420292A832300549791 /* MainTabBarVC.swift */,
				4462F431292A858C00549791 /* HomeVC.swift */,
				4462F433292A85CC00549791 /* UpcomingVC.swift */,
				4462F435292A85FD00549791 /* SearchVC.swift */,
				4462F437292A861700549791 /* DownloadsVC.swift */,
			);
			path = Core;
			sourceTree = "<group>";
		};
		447C65BD2972BCD40095C581 /* General */ = {
			isa = PBXGroup;
			children = (
				447C65BA2972BC530095C581 /* SearchResultVC.swift */,
				447C65C02974A3A90095C581 /* TitlePreviewVC.swift */,
			);
			path = General;
			sourceTree = "<group>";
		};
		44DD9C342950E1E20033D304 /* Constants */ = {
			isa = PBXGroup;
			children = (
				44DD9C352950E1F00033D304 /* Constants.swift */,
			);
			path = Constants;
			sourceTree = "<group>";
		};
/* End PBXGroup section */

/* Begin PBXNativeTarget section */
		4462F418292A832300549791 /* Netflix clone */ = {
			isa = PBXNativeTarget;
			buildConfigurationList = 4462F42D292A832600549791 /* Build configuration list for PBXNativeTarget "Netflix clone" */;
			buildPhases = (
				4462F415292A832300549791 /* Sources */,
				4462F416292A832300549791 /* Frameworks */,
				4462F417292A832300549791 /* Resources */,
			);
			buildRules = (
			);
			dependencies = (
			);
			name = "Netflix clone";
			packageProductDependencies = (
				444E82FE296EFFC40093986F /* SDWebImage */,
				444E8300296EFFC40093986F /* SDWebImageMapKit */,
			);
			productName = "Netflix clone";
			productReference = 4462F419292A832300549791 /* Netflix clone.app */;
			productType = "com.apple.product-type.application";
		};
/* End PBXNativeTarget section */

/* Begin PBXProject section */
		4462F411292A832300549791 /* Project object */ = {
			isa = PBXProject;
			attributes = {
				BuildIndependentTargetsInParallel = 1;
				LastSwiftUpdateCheck = 1400;
				LastUpgradeCheck = 1400;
				TargetAttributes = {
					4462F418292A832300549791 = {
						CreatedOnToolsVersion = 14.0;
					};
				};
			};
			buildConfigurationList = 4462F414292A832300549791 /* Build configuration list for PBXProject "Netflix clone" */;
			compatibilityVersion = "Xcode 14.0";
			developmentRegion = en;
			hasScannedForEncodings = 0;
			knownRegions = (
				en,
				Base,
			);
			mainGroup = 4462F410292A832300549791;
			packageReferences = (
				444E82FD296EFFC40093986F /* XCRemoteSwiftPackageReference "SDWebImage" */,
			);
			productRefGroup = 4462F41A292A832300549791 /* Products */;
			projectDirPath = "";
			projectRoot = "";
			targets = (
				4462F418292A832300549791 /* Netflix clone */,
			);
		};
/* End PBXProject section */

/* Begin PBXResourcesBuildPhase section */
		4462F417292A832300549791 /* Resources */ = {
			isa = PBXResourcesBuildPhase;
			buildActionMask = 2147483647;
			files = (
				4462F429292A832600549791 /* LaunchScreen.storyboard in Resources */,
				4462F426292A832600549791 /* Assets.xcassets in Resources */,
			);
			runOnlyForDeploymentPostprocessing = 0;
		};
/* End PBXResourcesBuildPhase section */

/* Begin PBXSourcesBuildPhase section */
		4462F415292A832300549791 /* Sources */ = {
			isa = PBXSourcesBuildPhase;
			buildActionMask = 2147483647;
			files = (
				447C65BB2972BC530095C581 /* SearchResultVC.swift in Sources */,
				4462F436292A85FD00549791 /* SearchVC.swift in Sources */,
				44DD9C362950E1F00033D304 /* Constants.swift in Sources */,
				44DD9C382950E6160033D304 /* Titles.swift in Sources */,
				4462F421292A832300549791 /* MainTabBarVC.swift in Sources */,
				4462F432292A858C00549791 /* HomeVC.swift in Sources */,
				44DD9C332950E1820033D304 /* APICaller.swift in Sources */,
				44403386293B9839009C1CB3 /* HeroHeaderUIView.swift in Sources */,
				447C65B72970A1490095C581 /* TitlesTableViewCell.swift in Sources */,
				447C65C12974A3A90095C581 /* TitlePreviewVC.swift in Sources */,
				444E82FC296EFD940093986F /* TitlesCollectionViewCell.swift in Sources */,
				4462F41D292A832300549791 /* AppDelegate.swift in Sources */,
				44DD9C422954D8A50033D304 /* Extensions.swift in Sources */,
				4462F438292A861700549791 /* DownloadsVC.swift in Sources */,
				4462F434292A85CC00549791 /* UpcomingVC.swift in Sources */,
				4486DB7D297836A800A42AD1 /* NetflixCloneModel.xcdatamodeld in Sources */,
				447C65B92970A6AF0095C581 /* TitleViewModel.swift in Sources */,
				4462F43F292A913E00549791 /* CollectionViewTVC.swift in Sources */,
				447C65BF2972DCBA0095C581 /* YTSeachResponse.swift in Sources */,
				447C65C32974A9910095C581 /* TitlePreviewViewModel.swift in Sources */,
				4462F41F292A832300549791 /* SceneDelegate.swift in Sources */,
				4486DB7F2979493C00A42AD1 /* DataPersistenceManager.swift in Sources */,
				4486DB81297C073900A42AD1 /* NotificationManager.swift in Sources */,
			);
			runOnlyForDeploymentPostprocessing = 0;
		};
/* End PBXSourcesBuildPhase section */

/* Begin PBXVariantGroup section */
		4462F427292A832600549791 /* LaunchScreen.storyboard */ = {
			isa = PBXVariantGroup;
			children = (
				4462F428292A832600549791 /* Base */,
			);
			name = LaunchScreen.storyboard;
			sourceTree = "<group>";
		};
/* End PBXVariantGroup section */

/* Begin XCBuildConfiguration section */
		4462F42B292A832600549791 /* Debug */ = {
			isa = XCBuildConfiguration;
			buildSettings = {
				ALWAYS_SEARCH_USER_PATHS = NO;
				CLANG_ANALYZER_NONNULL = YES;
				CLANG_ANALYZER_NUMBER_OBJECT_CONVERSION = YES_AGGRESSIVE;
				CLANG_CXX_LANGUAGE_STANDARD = "gnu++20";
				CLANG_ENABLE_MODULES = YES;
				CLANG_ENABLE_OBJC_ARC = YES;
				CLANG_ENABLE_OBJC_WEAK = YES;
				CLANG_WARN_BLOCK_CAPTURE_AUTORELEASING = YES;
				CLANG_WARN_BOOL_CONVERSION = YES;
				CLANG_WARN_COMMA = YES;
				CLANG_WARN_CONSTANT_CONVERSION = YES;
				CLANG_WARN_DEPRECATED_OBJC_IMPLEMENTATIONS = YES;
				CLANG_WARN_DIRECT_OBJC_ISA_USAGE = YES_ERROR;
				CLANG_WARN_DOCUMENTATION_COMMENTS = YES;
				CLANG_WARN_EMPTY_BODY = YES;
				CLANG_WARN_ENUM_CONVERSION = YES;
				CLANG_WARN_INFINITE_RECURSION = YES;
				CLANG_WARN_INT_CONVERSION = YES;
				CLANG_WARN_NON_LITERAL_NULL_CONVERSION = YES;
				CLANG_WARN_OBJC_IMPLICIT_RETAIN_SELF = YES;
				CLANG_WARN_OBJC_LITERAL_CONVERSION = YES;
				CLANG_WARN_OBJC_ROOT_CLASS = YES_ERROR;
				CLANG_WARN_QUOTED_INCLUDE_IN_FRAMEWORK_HEADER = YES;
				CLANG_WARN_RANGE_LOOP_ANALYSIS = YES;
				CLANG_WARN_STRICT_PROTOTYPES = YES;
				CLANG_WARN_SUSPICIOUS_MOVE = YES;
				CLANG_WARN_UNGUARDED_AVAILABILITY = YES_AGGRESSIVE;
				CLANG_WARN_UNREACHABLE_CODE = YES;
				CLANG_WARN__DUPLICATE_METHOD_MATCH = YES;
				COPY_PHASE_STRIP = NO;
				DEBUG_INFORMATION_FORMAT = dwarf;
				ENABLE_STRICT_OBJC_MSGSEND = YES;
				ENABLE_TESTABILITY = YES;
				GCC_C_LANGUAGE_STANDARD = gnu11;
				GCC_DYNAMIC_NO_PIC = NO;
				GCC_NO_COMMON_BLOCKS = YES;
				GCC_OPTIMIZATION_LEVEL = 0;
				GCC_PREPROCESSOR_DEFINITIONS = (
					"DEBUG=1",
					"$(inherited)",
				);
				GCC_WARN_64_TO_32_BIT_CONVERSION = YES;
				GCC_WARN_ABOUT_RETURN_TYPE = YES_ERROR;
				GCC_WARN_UNDECLARED_SELECTOR = YES;
				GCC_WARN_UNINITIALIZED_AUTOS = YES_AGGRESSIVE;
				GCC_WARN_UNUSED_FUNCTION = YES;
				GCC_WARN_UNUSED_VARIABLE = YES;
				IPHONEOS_DEPLOYMENT_TARGET = 16.0;
				MTL_ENABLE_DEBUG_INFO = INCLUDE_SOURCE;
				MTL_FAST_MATH = YES;
				ONLY_ACTIVE_ARCH = YES;
				SDKROOT = iphoneos;
				SWIFT_ACTIVE_COMPILATION_CONDITIONS = DEBUG;
				SWIFT_OPTIMIZATION_LEVEL = "-Onone";
			};
			name = Debug;
		};
		4462F42C292A832600549791 /* Release */ = {
			isa = XCBuildConfiguration;
			buildSettings = {
				ALWAYS_SEARCH_USER_PATHS = NO;
				CLANG_ANALYZER_NONNULL = YES;
				CLANG_ANALYZER_NUMBER_OBJECT_CONVERSION = YES_AGGRESSIVE;
				CLANG_CXX_LANGUAGE_STANDARD = "gnu++20";
				CLANG_ENABLE_MODULES = YES;
				CLANG_ENABLE_OBJC_ARC = YES;
				CLANG_ENABLE_OBJC_WEAK = YES;
				CLANG_WARN_BLOCK_CAPTURE_AUTORELEASING = YES;
				CLANG_WARN_BOOL_CONVERSION = YES;
				CLANG_WARN_COMMA = YES;
				CLANG_WARN_CONSTANT_CONVERSION = YES;
				CLANG_WARN_DEPRECATED_OBJC_IMPLEMENTATIONS = YES;
				CLANG_WARN_DIRECT_OBJC_ISA_USAGE = YES_ERROR;
				CLANG_WARN_DOCUMENTATION_COMMENTS = YES;
				CLANG_WARN_EMPTY_BODY = YES;
				CLANG_WARN_ENUM_CONVERSION = YES;
				CLANG_WARN_INFINITE_RECURSION = YES;
				CLANG_WARN_INT_CONVERSION = YES;
				CLANG_WARN_NON_LITERAL_NULL_CONVERSION = YES;
				CLANG_WARN_OBJC_IMPLICIT_RETAIN_SELF = YES;
				CLANG_WARN_OBJC_LITERAL_CONVERSION = YES;
				CLANG_WARN_OBJC_ROOT_CLASS = YES_ERROR;
				CLANG_WARN_QUOTED_INCLUDE_IN_FRAMEWORK_HEADER = YES;
				CLANG_WARN_RANGE_LOOP_ANALYSIS = YES;
				CLANG_WARN_STRICT_PROTOTYPES = YES;
				CLANG_WARN_SUSPICIOUS_MOVE = YES;
				CLANG_WARN_UNGUARDED_AVAILABILITY = YES_AGGRESSIVE;
				CLANG_WARN_UNREACHABLE_CODE = YES;
				CLANG_WARN__DUPLICATE_METHOD_MATCH = YES;
				COPY_PHASE_STRIP = NO;
				DEBUG_INFORMATION_FORMAT = "dwarf-with-dsym";
				ENABLE_NS_ASSERTIONS = NO;
				ENABLE_STRICT_OBJC_MSGSEND = YES;
				GCC_C_LANGUAGE_STANDARD = gnu11;
				GCC_NO_COMMON_BLOCKS = YES;
				GCC_WARN_64_TO_32_BIT_CONVERSION = YES;
				GCC_WARN_ABOUT_RETURN_TYPE = YES_ERROR;
				GCC_WARN_UNDECLARED_SELECTOR = YES;
				GCC_WARN_UNINITIALIZED_AUTOS = YES_AGGRESSIVE;
				GCC_WARN_UNUSED_FUNCTION = YES;
				GCC_WARN_UNUSED_VARIABLE = YES;
				IPHONEOS_DEPLOYMENT_TARGET = 16.0;
				MTL_ENABLE_DEBUG_INFO = NO;
				MTL_FAST_MATH = YES;
				SDKROOT = iphoneos;
				SWIFT_COMPILATION_MODE = wholemodule;
				SWIFT_OPTIMIZATION_LEVEL = "-O";
				VALIDATE_PRODUCT = YES;
			};
			name = Release;
		};
		4462F42E292A832600549791 /* Debug */ = {
			isa = XCBuildConfiguration;
			buildSettings = {
				ASSETCATALOG_COMPILER_APPICON_NAME = AppIcon;
				ASSETCATALOG_COMPILER_GLOBAL_ACCENT_COLOR_NAME = AccentColor;
				CODE_SIGN_STYLE = Automatic;
				CURRENT_PROJECT_VERSION = 1;
				DEVELOPMENT_TEAM = 3PN53MQP93;
				GENERATE_INFOPLIST_FILE = YES;
				INFOPLIST_FILE = "Netflix clone/Info.plist";
				INFOPLIST_KEY_UIApplicationSupportsIndirectInputEvents = YES;
				INFOPLIST_KEY_UILaunchStoryboardName = LaunchScreen;
				INFOPLIST_KEY_UISupportedInterfaceOrientations_iPad = "UIInterfaceOrientationPortrait UIInterfaceOrientationPortraitUpsideDown UIInterfaceOrientationLandscapeLeft UIInterfaceOrientationLandscapeRight";
				INFOPLIST_KEY_UISupportedInterfaceOrientations_iPhone = "UIInterfaceOrientationPortrait UIInterfaceOrientationLandscapeLeft UIInterfaceOrientationLandscapeRight";
				LD_RUNPATH_SEARCH_PATHS = (
					"$(inherited)",
					"@executable_path/Frameworks",
				);
				MARKETING_VERSION = 1.0;
				PRODUCT_BUNDLE_IDENTIFIER = "com.smakhtin.netflixclone.Netflix-clone";
				PRODUCT_NAME = "$(TARGET_NAME)";
				SWIFT_EMIT_LOC_STRINGS = YES;
				SWIFT_VERSION = 5.0;
				TARGETED_DEVICE_FAMILY = "1,2";
			};
			name = Debug;
		};
		4462F42F292A832600549791 /* Release */ = {
			isa = XCBuildConfiguration;
			buildSettings = {
				ASSETCATALOG_COMPILER_APPICON_NAME = AppIcon;
				ASSETCATALOG_COMPILER_GLOBAL_ACCENT_COLOR_NAME = AccentColor;
				CODE_SIGN_STYLE = Automatic;
				CURRENT_PROJECT_VERSION = 1;
				DEVELOPMENT_TEAM = 3PN53MQP93;
				GENERATE_INFOPLIST_FILE = YES;
				INFOPLIST_FILE = "Netflix clone/Info.plist";
				INFOPLIST_KEY_UIApplicationSupportsIndirectInputEvents = YES;
				INFOPLIST_KEY_UILaunchStoryboardName = LaunchScreen;
				INFOPLIST_KEY_UISupportedInterfaceOrientations_iPad = "UIInterfaceOrientationPortrait UIInterfaceOrientationPortraitUpsideDown UIInterfaceOrientationLandscapeLeft UIInterfaceOrientationLandscapeRight";
				INFOPLIST_KEY_UISupportedInterfaceOrientations_iPhone = "UIInterfaceOrientationPortrait UIInterfaceOrientationLandscapeLeft UIInterfaceOrientationLandscapeRight";
				LD_RUNPATH_SEARCH_PATHS = (
					"$(inherited)",
					"@executable_path/Frameworks",
				);
				MARKETING_VERSION = 1.0;
				PRODUCT_BUNDLE_IDENTIFIER = "com.smakhtin.netflixclone.Netflix-clone";
				PRODUCT_NAME = "$(TARGET_NAME)";
				SWIFT_EMIT_LOC_STRINGS = YES;
				SWIFT_VERSION = 5.0;
				TARGETED_DEVICE_FAMILY = "1,2";
			};
			name = Release;
		};
/* End XCBuildConfiguration section */

/* Begin XCConfigurationList section */
		4462F414292A832300549791 /* Build configuration list for PBXProject "Netflix clone" */ = {
			isa = XCConfigurationList;
			buildConfigurations = (
				4462F42B292A832600549791 /* Debug */,
				4462F42C292A832600549791 /* Release */,
			);
			defaultConfigurationIsVisible = 0;
			defaultConfigurationName = Release;
		};
		4462F42D292A832600549791 /* Build configuration list for PBXNativeTarget "Netflix clone" */ = {
			isa = XCConfigurationList;
			buildConfigurations = (
				4462F42E292A832600549791 /* Debug */,
				4462F42F292A832600549791 /* Release */,
			);
			defaultConfigurationIsVisible = 0;
			defaultConfigurationName = Release;
		};
/* End XCConfigurationList section */

/* Begin XCRemoteSwiftPackageReference section */
		444E82FD296EFFC40093986F /* XCRemoteSwiftPackageReference "SDWebImage" */ = {
			isa = XCRemoteSwiftPackageReference;
			repositoryURL = "https://github.com/SDWebImage/SDWebImage.git";
			requirement = {
				kind = upToNextMajorVersion;
				minimumVersion = 5.14.0;
			};
		};
/* End XCRemoteSwiftPackageReference section */

/* Begin XCSwiftPackageProductDependency section */
		444E82FE296EFFC40093986F /* SDWebImage */ = {
			isa = XCSwiftPackageProductDependency;
			package = 444E82FD296EFFC40093986F /* XCRemoteSwiftPackageReference "SDWebImage" */;
			productName = SDWebImage;
		};
		444E8300296EFFC40093986F /* SDWebImageMapKit */ = {
			isa = XCSwiftPackageProductDependency;
			package = 444E82FD296EFFC40093986F /* XCRemoteSwiftPackageReference "SDWebImage" */;
			productName = SDWebImageMapKit;
		};
/* End XCSwiftPackageProductDependency section */

/* Begin XCVersionGroup section */
		4486DB7B297836A800A42AD1 /* NetflixCloneModel.xcdatamodeld */ = {
			isa = XCVersionGroup;
			children = (
				4486DB7C297836A800A42AD1 /* NetflixCloneModel.xcdatamodel */,
			);
			currentVersion = 4486DB7C297836A800A42AD1 /* NetflixCloneModel.xcdatamodel */;
			path = NetflixCloneModel.xcdatamodeld;
			sourceTree = "<group>";
			versionGroupType = wrapper.xcdatamodel;
		};
/* End XCVersionGroup section */
	};
	rootObject = 4462F411292A832300549791 /* Project object */;
}
